
Microsoft Visual Studio Solution File, Format Version 12.00
# Visual Studio Version 17
VisualStudioVersion = 17.8.34408.163
MinimumVisualStudioVersion = 10.0.40219.1
Project("{FAE04EC0-301F-11D3-BF4B-00C04F79EFBC}") = "SpicyX", "SpicyX\SpicyX.csproj", "{FA8ABC11-C37D-4DE6-B91A-09E79A7A7C6E}"
EndProject
Global
	GlobalSection(SolutionConfigurationPlatforms) = preSolution
		Debug|Any CPU = Debug|Any CPU
		Release|Any CPU = Release|Any CPU
	EndGlobalSection
	GlobalSection(ProjectConfigurationPlatforms) = postSolution
		{FA8ABC11-C37D-4DE6-B91A-09E79A7A7C6E}.Debug|Any CPU.ActiveCfg = Debug|Any CPU
		{FA8ABC11-C37D-4DE6-B91A-09E79A7A7C6E}.Debug|Any CPU.Build.0 = Debug|Any CPU
		{FA8ABC11-C37D-4DE6-B91A-09E79A7A7C6E}.Release|Any CPU.ActiveCfg = Release|Any CPU
		{FA8ABC11-C37D-4DE6-B91A-09E79A7A7C6E}.Release|Any CPU.Build.0 = Release|Any CPU
	EndGlobalSection
	GlobalSection(SolutionProperties) = preSolution
		HideSolutionNode = FALSE
	EndGlobalSection
	GlobalSection(ExtensibilityGlobals) = postSolution
		SolutionGuid = {60B7E70C-7E02-41DF-941A-42B031B37273}
	EndGlobalSection
EndGlobal
